<?xml version="1.0" encoding="utf-8"?>
<Project ToolsVersion="4.0" xmlns="http://schemas.microsoft.com/developer/msbuild/2003">
  <ItemGroup>
    <Filter Include="Файлы ресурсов">
      <UniqueIdentifier>{67DA6AB6-F800-4c08-8B7A-83BB121AAD01}</UniqueIdentifier>
      <Extensions>rc;ico;cur;bmp;dlg;rc2;rct;bin;rgs;gif;jpg;jpeg;jpe;resx;tiff;tif;png;wav;mfcribbon-ms</Extensions>
    </Filter>
    <Filter Include="Windows">
      <UniqueIdentifier>{15ac939f-25c0-4b54-ac4b-8009df5b3f3b}</UniqueIdentifier>
    </Filter>
    <Filter Include="Windows\Lab">
      <UniqueIdentifier>{35fd4a95-a415-46c0-8432-14490eb33873}</UniqueIdentifier>
    </Filter>
    <Filter Include="Windows\Child">
      <UniqueIdentifier>{9d132fce-c4fa-4485-9f55-70e07ce380f8}</UniqueIdentifier>
    </Filter>
    <Filter Include="Algorithms and containers">
      <UniqueIdentifier>{58867d02-65ef-4c43-aee5-be2b4666e26a}</UniqueIdentifier>
    </Filter>
    <Filter Include="Windows\Helpers">
      <UniqueIdentifier>{b384fb23-8349-447f-a4b1-2c4a5086eefe}</UniqueIdentifier>
    </Filter>
    <Filter Include="main">
      <UniqueIdentifier>{c7c59d47-0f2b-4d48-a5d1-9e69547662bf}</UniqueIdentifier>
    </Filter>
  </ItemGroup>
  <ItemGroup>
    <ClCompile Include="Lab1Window.cpp">
      <Filter>Windows\Lab</Filter>
    </ClCompile>
    <ClCompile Include="LabTestWindow.cpp">
      <Filter>Windows\Lab</Filter>
    </ClCompile>
    <ClCompile Include="HubWindow.cpp">
      <Filter>Windows</Filter>
    </ClCompile>
    <ClCompile Include="Lab2Window.cpp">
      <Filter>Windows\Lab</Filter>
    </ClCompile>
    <ClCompile Include="main.cpp">
      <Filter>main</Filter>
    </ClCompile>
  </ItemGroup>
  <ItemGroup>
    <ClInclude Include="MainCheckBox.h">
      <Filter>Windows\Child</Filter>
    </ClInclude>
    <ClInclude Include="MainEdit.h">
      <Filter>Windows\Child</Filter>
    </ClInclude>
    <ClInclude Include="MainButton.h">
      <Filter>Windows\Child</Filter>
    </ClInclude>
    <ClInclude Include="D2DWindow.h">
      <Filter>Windows</Filter>
    </ClInclude>
    <ClInclude Include="HubWindow.h">
      <Filter>Windows</Filter>
    </ClInclude>
    <ClInclude Include="MainWindow.h">
      <Filter>Windows</Filter>
    </ClInclude>
    <ClInclude Include="BaseWindow.h">
      <Filter>Windows</Filter>
    </ClInclude>
    <ClInclude Include="Lab1Window.h">
      <Filter>Windows\Lab</Filter>
    </ClInclude>
    <ClInclude Include="LabTestWindow.h">
      <Filter>Windows\Lab</Filter>
    </ClInclude>
    <ClInclude Include="IControl.h">
      <Filter>Windows\Helpers</Filter>
    </ClInclude>
    <ClInclude Include="ThreadLauncher.h">
      <Filter>Windows\Helpers</Filter>
    </ClInclude>
    <ClInclude Include="WndProps.h">
      <Filter>Windows\Helpers</Filter>
    </ClInclude>
    <ClInclude Include="DpiScale.h">
      <Filter>Windows\Helpers</Filter>
    </ClInclude>
    <ClInclude Include="m_random.h">
      <Filter>Algorithms and containers</Filter>
    </ClInclude>
    <ClInclude Include="SingleNodeList.h">
      <Filter>Algorithms and containers</Filter>
    </ClInclude>
    <ClInclude Include="Stack.h">
      <Filter>Algorithms and containers</Filter>
    </ClInclude>
    <ClInclude Include="Lab2Window.h">
      <Filter>Windows\Lab</Filter>
    </ClInclude>
    <ClInclude Include="Theme.h">
      <Filter>main</Filter>
    </ClInclude>
    <ClInclude Include="MainRadioButton.h">
      <Filter>Windows\Child</Filter>
    </ClInclude>
  </ItemGroup>
  <ItemGroup>
    <None Include="ClassDiagram.cd" />
    <None Include="README.md" />
  </ItemGroup>
</Project>